// !$*UTF8*$!
{
	archiveVersion = 1;
	classes = {
	};
	objectVersion = 46;
	objects = {

/* Begin PBXBuildFile section */
		27405501CC5B1676A9D36F2C /* Pods_integrate_react_native.framework in Frameworks */ = {isa = PBXBuildFile; fileRef = 097678F6BE90F850509FDD75 /* Pods_integrate_react_native.framework */; };
		E914EE001C95BAC4000AA732 /* main.m in Sources */ = {isa = PBXBuildFile; fileRef = E914EDFF1C95BAC4000AA732 /* main.m */; };
		E914EE031C95BAC4000AA732 /* AppDelegate.m in Sources */ = {isa = PBXBuildFile; fileRef = E914EE021C95BAC4000AA732 /* AppDelegate.m */; };
		E914EE061C95BAC4000AA732 /* ViewController.m in Sources */ = {isa = PBXBuildFile; fileRef = E914EE051C95BAC4000AA732 /* ViewController.m */; };
		E914EE091C95BAC4000AA732 /* Main.storyboard in Resources */ = {isa = PBXBuildFile; fileRef = E914EE071C95BAC4000AA732 /* Main.storyboard */; };
		E914EE0B1C95BAC4000AA732 /* Assets.xcassets in Resources */ = {isa = PBXBuildFile; fileRef = E914EE0A1C95BAC4000AA732 /* Assets.xcassets */; };
		E914EE0E1C95BAC4000AA732 /* LaunchScreen.storyboard in Resources */ = {isa = PBXBuildFile; fileRef = E914EE0C1C95BAC4000AA732 /* LaunchScreen.storyboard */; };
		E914EE191C95BAC4000AA732 /* integrate_react_nativeTests.m in Sources */ = {isa = PBXBuildFile; fileRef = E914EE181C95BAC4000AA732 /* integrate_react_nativeTests.m */; };
		E914EE391C95C63F000AA732 /* ReactNativeViewObjC.m in Sources */ = {isa = PBXBuildFile; fileRef = E914EE351C95C2D5000AA732 /* ReactNativeViewObjC.m */; };
/* End PBXBuildFile section */

/* Begin PBXContainerItemProxy section */
		E914EE151C95BAC4000AA732 /* PBXContainerItemProxy */ = {
			isa = PBXContainerItemProxy;
			containerPortal = E914EDF31C95BAC4000AA732 /* Project object */;
			proxyType = 1;
			remoteGlobalIDString = E914EDFA1C95BAC4000AA732;
			remoteInfo = "integrate-react-native";
		};
/* End PBXContainerItemProxy section */

/* Begin PBXFileReference section */
		097678F6BE90F850509FDD75 /* Pods_integrate_react_native.framework */ = {isa = PBXFileReference; explicitFileType = wrapper.framework; includeInIndex = 0; path = Pods_integrate_react_native.framework; sourceTree = BUILT_PRODUCTS_DIR; };
		4EAC65E909AEE51C6C5C17D2 /* Pods-integrate-react-native.release.xcconfig */ = {isa = PBXFileReference; includeInIndex = 1; lastKnownFileType = text.xcconfig; name = "Pods-integrate-react-native.release.xcconfig"; path = "Pods/Target Support Files/Pods-integrate-react-native/Pods-integrate-react-native.release.xcconfig"; sourceTree = "<group>"; };
		E772404E98D3963ADC870292 /* Pods-integrate-react-native.debug.xcconfig */ = {isa = PBXFileReference; includeInIndex = 1; lastKnownFileType = text.xcconfig; name = "Pods-integrate-react-native.debug.xcconfig"; path = "Pods/Target Support Files/Pods-integrate-react-native/Pods-integrate-react-native.debug.xcconfig"; sourceTree = "<group>"; };
		E914EDFB1C95BAC4000AA732 /* integrate-react-native.app */ = {isa = PBXFileReference; explicitFileType = wrapper.application; includeInIndex = 0; path = "integrate-react-native.app"; sourceTree = BUILT_PRODUCTS_DIR; };
		E914EDFF1C95BAC4000AA732 /* main.m */ = {isa = PBXFileReference; lastKnownFileType = sourcecode.c.objc; path = main.m; sourceTree = "<group>"; };
		E914EE011C95BAC4000AA732 /* AppDelegate.h */ = {isa = PBXFileReference; lastKnownFileType = sourcecode.c.h; path = AppDelegate.h; sourceTree = "<group>"; };
		E914EE021C95BAC4000AA732 /* AppDelegate.m */ = {isa = PBXFileReference; lastKnownFileType = sourcecode.c.objc; path = AppDelegate.m; sourceTree = "<group>"; };
		E914EE041C95BAC4000AA732 /* ViewController.h */ = {isa = PBXFileReference; lastKnownFileType = sourcecode.c.h; path = ViewController.h; sourceTree = "<group>"; };
		E914EE051C95BAC4000AA732 /* ViewController.m */ = {isa = PBXFileReference; lastKnownFileType = sourcecode.c.objc; path = ViewController.m; sourceTree = "<group>"; };
		E914EE081C95BAC4000AA732 /* Base */ = {isa = PBXFileReference; lastKnownFileType = file.storyboard; name = Base; path = Base.lproj/Main.storyboard; sourceTree = "<group>"; };
		E914EE0A1C95BAC4000AA732 /* Assets.xcassets */ = {isa = PBXFileReference; lastKnownFileType = folder.assetcatalog; path = Assets.xcassets; sourceTree = "<group>"; };
		E914EE0D1C95BAC4000AA732 /* Base */ = {isa = PBXFileReference; lastKnownFileType = file.storyboard; name = Base; path = Base.lproj/LaunchScreen.storyboard; sourceTree = "<group>"; };
		E914EE0F1C95BAC4000AA732 /* Info.plist */ = {isa = PBXFileReference; lastKnownFileType = text.plist.xml; path = Info.plist; sourceTree = "<group>"; };
		E914EE141C95BAC4000AA732 /* integrate-react-nativeTests.xctest */ = {isa = PBXFileReference; explicitFileType = wrapper.cfbundle; includeInIndex = 0; path = "integrate-react-nativeTests.xctest"; sourceTree = BUILT_PRODUCTS_DIR; };
		E914EE181C95BAC4000AA732 /* integrate_react_nativeTests.m */ = {isa = PBXFileReference; lastKnownFileType = sourcecode.c.objc; path = integrate_react_nativeTests.m; sourceTree = "<group>"; };
		E914EE1A1C95BAC4000AA732 /* Info.plist */ = {isa = PBXFileReference; lastKnownFileType = text.plist.xml; path = Info.plist; sourceTree = "<group>"; };
		E914EE321C95C27F000AA732 /* ReactNativeViewObjC.h */ = {isa = PBXFileReference; lastKnownFileType = sourcecode.c.h; path = ReactNativeViewObjC.h; sourceTree = "<group>"; };
		E914EE351C95C2D5000AA732 /* ReactNativeViewObjC.m */ = {isa = PBXFileReference; fileEncoding = 4; lastKnownFileType = sourcecode.c.objc; path = ReactNativeViewObjC.m; sourceTree = "<group>"; };
		E914EE371C95C3C0000AA732 /* JavaScriptCore.framework */ = {isa = PBXFileReference; lastKnownFileType = wrapper.framework; name = JavaScriptCore.framework; path = System/Library/Frameworks/JavaScriptCore.framework; sourceTree = SDKROOT; };
/* End PBXFileReference section */

/* Begin PBXFrameworksBuildPhase section */
		E914EDF81C95BAC4000AA732 /* Frameworks */ = {
			isa = PBXFrameworksBuildPhase;
			buildActionMask = 2147483647;
			files = (
				27405501CC5B1676A9D36F2C /* Pods_integrate_react_native.framework in Frameworks */,
			);
			runOnlyForDeploymentPostprocessing = 0;
		};
		E914EE111C95BAC4000AA732 /* Frameworks */ = {
			isa = PBXFrameworksBuildPhase;
			buildActionMask = 2147483647;
			files = (
			);
			runOnlyForDeploymentPostprocessing = 0;
		};
/* End PBXFrameworksBuildPhase section */

/* Begin PBXGroup section */
		4B178258E44A60558A753D04 /* Pods */ = {
			isa = PBXGroup;
			children = (
				E772404E98D3963ADC870292 /* Pods-integrate-react-native.debug.xcconfig */,
				4EAC65E909AEE51C6C5C17D2 /* Pods-integrate-react-native.release.xcconfig */,
			);
			name = Pods;
			sourceTree = "<group>";
		};
		AB55776CE85D46BE9EA278DB /* Frameworks */ = {
			isa = PBXGroup;
			children = (
				E914EE371C95C3C0000AA732 /* JavaScriptCore.framework */,
				097678F6BE90F850509FDD75 /* Pods_integrate_react_native.framework */,
			);
			name = Frameworks;
			sourceTree = "<group>";
		};
		E914EDF21C95BAC4000AA732 = {
			isa = PBXGroup;
			children = (
				E914EDFD1C95BAC4000AA732 /* integrate-react-native */,
				E914EE171C95BAC4000AA732 /* integrate-react-nativeTests */,
				E914EDFC1C95BAC4000AA732 /* Products */,
				4B178258E44A60558A753D04 /* Pods */,
				AB55776CE85D46BE9EA278DB /* Frameworks */,
			);
			sourceTree = "<group>";
		};
		E914EDFC1C95BAC4000AA732 /* Products */ = {
			isa = PBXGroup;
			children = (
				E914EDFB1C95BAC4000AA732 /* integrate-react-native.app */,
				E914EE141C95BAC4000AA732 /* integrate-react-nativeTests.xctest */,
			);
			name = Products;
			sourceTree = "<group>";
		};
		E914EDFD1C95BAC4000AA732 /* integrate-react-native */ = {
			isa = PBXGroup;
			children = (
				E914EE011C95BAC4000AA732 /* AppDelegate.h */,
				E914EE021C95BAC4000AA732 /* AppDelegate.m */,
				E914EE041C95BAC4000AA732 /* ViewController.h */,
				E914EE051C95BAC4000AA732 /* ViewController.m */,
				E914EE071C95BAC4000AA732 /* Main.storyboard */,
				E914EE0A1C95BAC4000AA732 /* Assets.xcassets */,
				E914EE0C1C95BAC4000AA732 /* LaunchScreen.storyboard */,
				E914EE0F1C95BAC4000AA732 /* Info.plist */,
				E914EDFE1C95BAC4000AA732 /* Supporting Files */,
				E914EE321C95C27F000AA732 /* ReactNativeViewObjC.h */,
				E914EE351C95C2D5000AA732 /* ReactNativeViewObjC.m */,
			);
			path = "integrate-react-native";
			sourceTree = "<group>";
		};
		E914EDFE1C95BAC4000AA732 /* Supporting Files */ = {
			isa = PBXGroup;
			children = (
				E914EDFF1C95BAC4000AA732 /* main.m */,
			);
			name = "Supporting Files";
			sourceTree = "<group>";
		};
		E914EE171C95BAC4000AA732 /* integrate-react-nativeTests */ = {
			isa = PBXGroup;
			children = (
				E914EE181C95BAC4000AA732 /* integrate_react_nativeTests.m */,
				E914EE1A1C95BAC4000AA732 /* Info.plist */,
			);
			path = "integrate-react-nativeTests";
			sourceTree = "<group>";
		};
/* End PBXGroup section */

/* Begin PBXNativeTarget section */
		E914EDFA1C95BAC4000AA732 /* integrate-react-native */ = {
			isa = PBXNativeTarget;
			buildConfigurationList = E914EE1D1C95BAC4000AA732 /* Build configuration list for PBXNativeTarget "integrate-react-native" */;
			buildPhases = (
				87C07BDF56CF0DC2D6D6AE0A /* Check Pods Manifest.lock */,
				E914EDF71C95BAC4000AA732 /* Sources */,
				E914EDF81C95BAC4000AA732 /* Frameworks */,
				E914EDF91C95BAC4000AA732 /* Resources */,
				B02E33B2F82A06023C503ECB /* Embed Pods Frameworks */,
				27EA27D3DF76A2B841748C6C /* Copy Pods Resources */,
			);
			buildRules = (
			);
			dependencies = (
			);
			name = "integrate-react-native";
			productName = "integrate-react-native";
			productReference = E914EDFB1C95BAC4000AA732 /* integrate-react-native.app */;
			productType = "com.apple.product-type.application";
		};
		E914EE131C95BAC4000AA732 /* integrate-react-nativeTests */ = {
			isa = PBXNativeTarget;
			buildConfigurationList = E914EE201C95BAC4000AA732 /* Build configuration list for PBXNativeTarget "integrate-react-nativeTests" */;
			buildPhases = (
				E914EE101C95BAC4000AA732 /* Sources */,
				E914EE111C95BAC4000AA732 /* Frameworks */,
				E914EE121C95BAC4000AA732 /* Resources */,
			);
			buildRules = (
			);
			dependencies = (
				E914EE161C95BAC4000AA732 /* PBXTargetDependency */,
			);
			name = "integrate-react-nativeTests";
			productName = "integrate-react-nativeTests";
			productReference = E914EE141C95BAC4000AA732 /* integrate-react-nativeTests.xctest */;
			productType = "com.apple.product-type.bundle.unit-test";
		};
/* End PBXNativeTarget section */

/* Begin PBXProject section */
		E914EDF31C95BAC4000AA732 /* Project object */ = {
			isa = PBXProject;
			attributes = {
				LastUpgradeCheck = 0720;
				ORGANIZATIONNAME = limengchun;
				TargetAttributes = {
					E914EDFA1C95BAC4000AA732 = {
						CreatedOnToolsVersion = 7.2.1;
						DevelopmentTeam = E2SL992NVS;
					};
					E914EE131C95BAC4000AA732 = {
						CreatedOnToolsVersion = 7.2.1;
						DevelopmentTeam = E2SL992NVS;
						TestTargetID = E914EDFA1C95BAC4000AA732;
					};
				};
			};
			buildConfigurationList = E914EDF61C95BAC4000AA732 /* Build configuration list for PBXProject "integrate-react-native" */;
			compatibilityVersion = "Xcode 3.2";
			developmentRegion = English;
			hasScannedForEncodings = 0;
			knownRegions = (
				en,
				Base,
			);
			mainGroup = E914EDF21C95BAC4000AA732;
			productRefGroup = E914EDFC1C95BAC4000AA732 /* Products */;
			projectDirPath = "";
			projectRoot = "";
			targets = (
				E914EDFA1C95BAC4000AA732 /* integrate-react-native */,
				E914EE131C95BAC4000AA732 /* integrate-react-nativeTests */,
			);
		};
/* End PBXProject section */

/* Begin PBXResourcesBuildPhase section */
		E914EDF91C95BAC4000AA732 /* Resources */ = {
			isa = PBXResourcesBuildPhase;
			buildActionMask = 2147483647;
			files = (
				E914EE0E1C95BAC4000AA732 /* LaunchScreen.storyboard in Resources */,
				E914EE0B1C95BAC4000AA732 /* Assets.xcassets in Resources */,
				E914EE091C95BAC4000AA732 /* Main.storyboard in Resources */,
			);
			runOnlyForDeploymentPostprocessing = 0;
		};
		E914EE121C95BAC4000AA732 /* Resources */ = {
			isa = PBXResourcesBuildPhase;
			buildActionMask = 2147483647;
			files = (
			);
			runOnlyForDeploymentPostprocessing = 0;
		};
/* End PBXResourcesBuildPhase section */

/* Begin PBXShellScriptBuildPhase section */
		27EA27D3DF76A2B841748C6C /* Copy Pods Resources */ = {
			isa = PBXShellScriptBuildPhase;
			buildActionMask = 2147483647;
			files = (
			);
			inputPaths = (
			);
			name = "Copy Pods Resources";
			outputPaths = (
			);
			runOnlyForDeploymentPostprocessing = 0;
			shellPath = /bin/sh;
			shellScript = "\"${SRCROOT}/Pods/Target Support Files/Pods-integrate-react-native/Pods-integrate-react-native-resources.sh\"\n";
			showEnvVarsInLog = 0;
		};
		87C07BDF56CF0DC2D6D6AE0A /* Check Pods Manifest.lock */ = {
			isa = PBXShellScriptBuildPhase;
			buildActionMask = 2147483647;
			files = (
			);
			inputPaths = (
			);
			name = "Check Pods Manifest.lock";
			outputPaths = (
			);
			runOnlyForDeploymentPostprocessing = 0;
			shellPath = /bin/sh;
			shellScript = "diff \"${PODS_ROOT}/../Podfile.lock\" \"${PODS_ROOT}/Manifest.lock\" > /dev/null\nif [[ $? != 0 ]] ; then\n    cat << EOM\nerror: The sandbox is not in sync with the Podfile.lock. Run 'pod install' or update your CocoaPods installation.\nEOM\n    exit 1\nfi\n";
			showEnvVarsInLog = 0;
		};
		B02E33B2F82A06023C503ECB /* Embed Pods Frameworks */ = {
			isa = PBXShellScriptBuildPhase;
			buildActionMask = 2147483647;
			files = (
			);
			inputPaths = (
			);
			name = "Embed Pods Frameworks";
			outputPaths = (
			);
			runOnlyForDeploymentPostprocessing = 0;
			shellPath = /bin/sh;
			shellScript = "\"${SRCROOT}/Pods/Target Support Files/Pods-integrate-react-native/Pods-integrate-react-native-frameworks.sh\"\n";
			showEnvVarsInLog = 0;
		};
/* End PBXShellScriptBuildPhase section */

/* Begin PBXSourcesBuildPhase section */
		E914EDF71C95BAC4000AA732 /* Sources */ = {
			isa = PBXSourcesBuildPhase;
			buildActionMask = 2147483647;
			files = (
				E914EE061C95BAC4000AA732 /* ViewController.m in Sources */,
				E914EE031C95BAC4000AA732 /* AppDelegate.m in Sources */,
				E914EE001C95BAC4000AA732 /* main.m in Sources */,
				E914EE391C95C63F000AA732 /* ReactNativeViewObjC.m in Sources */,
			);
			runOnlyForDeploymentPostprocessing = 0;
		};
		E914EE101C95BAC4000AA732 /* Sources */ = {
			isa = PBXSourcesBuildPhase;
			buildActionMask = 2147483647;
			files = (
				E914EE191C95BAC4000AA732 /* integrate_react_nativeTests.m in Sources */,
			);
			runOnlyForDeploymentPostprocessing = 0;
		};
/* End PBXSourcesBuildPhase section */

/* Begin PBXTargetDependency section */
		E914EE161C95BAC4000AA732 /* PBXTargetDependency */ = {
			isa = PBXTargetDependency;
			target = E914EDFA1C95BAC4000AA732 /* integrate-react-native */;
			targetProxy = E914EE151C95BAC4000AA732 /* PBXContainerItemProxy */;
		};
/* End PBXTargetDependency section */

/* Begin PBXVariantGroup section */
		E914EE071C95BAC4000AA732 /* Main.storyboard */ = {
			isa = PBXVariantGroup;
			children = (
				E914EE081C95BAC4000AA732 /* Base */,
			);
			name = Main.storyboard;
			sourceTree = "<group>";
		};
		E914EE0C1C95BAC4000AA732 /* LaunchScreen.storyboard */ = {
			isa = PBXVariantGroup;
			children = (
				E914EE0D1C95BAC4000AA732 /* Base */,
			);
			name = LaunchScreen.storyboard;
			sourceTree = "<group>";
		};
/* End PBXVariantGroup section */

/* Begin XCBuildConfiguration section */
		E914EE1B1C95BAC4000AA732 /* Debug */ = {
			isa = XCBuildConfiguration;
			buildSettings = {
				ALWAYS_SEARCH_USER_PATHS = NO;
				CLANG_CXX_LANGUAGE_STANDARD = "gnu++0x";
				CLANG_CXX_LIBRARY = "libc++";
				CLANG_ENABLE_MODULES = YES;
				CLANG_ENABLE_OBJC_ARC = YES;
				CLANG_WARN_BOOL_CONVERSION = YES;
				CLANG_WARN_CONSTANT_CONVERSION = YES;
				CLANG_WARN_DIRECT_OBJC_ISA_USAGE = YES_ERROR;
				CLANG_WARN_EMPTY_BODY = YES;
				CLANG_WARN_ENUM_CONVERSION = YES;
				CLANG_WARN_INT_CONVERSION = YES;
				CLANG_WARN_OBJC_ROOT_CLASS = YES_ERROR;
				CLANG_WARN_UNREACHABLE_CODE = YES;
				CLANG_WARN__DUPLICATE_METHOD_MATCH = YES;
				"CODE_SIGN_IDENTITY[sdk=iphoneos*]" = "iPhone Developer";
				COPY_PHASE_STRIP = NO;
				DEBUG_INFORMATION_FORMAT = dwarf;
				ENABLE_STRICT_OBJC_MSGSEND = YES;
				ENABLE_TESTABILITY = YES;
				GCC_C_LANGUAGE_STANDARD = gnu99;
				GCC_DYNAMIC_NO_PIC = NO;
				GCC_NO_COMMON_BLOCKS = YES;
				GCC_OPTIMIZATION_LEVEL = 0;
				GCC_PREPROCESSOR_DEFINITIONS = (
					"DEBUG=1",
					"$(inherited)",
				);
				GCC_WARN_64_TO_32_BIT_CONVERSION = YES;
				GCC_WARN_ABOUT_RETURN_TYPE = YES_ERROR;
				GCC_WARN_UNDECLARED_SELECTOR = YES;
				GCC_WARN_UNINITIALIZED_AUTOS = YES_AGGRESSIVE;
				GCC_WARN_UNUSED_FUNCTION = YES;
				GCC_WARN_UNUSED_VARIABLE = YES;
				IPHONEOS_DEPLOYMENT_TARGET = 9.2;
				MTL_ENABLE_DEBUG_INFO = YES;
				ONLY_ACTIVE_ARCH = YES;
				SDKROOT = iphoneos;
			};
			name = Debug;
		};
		E914EE1C1C95BAC4000AA732 /* Release */ = {
			isa = XCBuildConfiguration;
			buildSettings = {
				ALWAYS_SEARCH_USER_PATHS = NO;
				CLANG_CXX_LANGUAGE_STANDARD = "gnu++0x";
				CLANG_CXX_LIBRARY = "libc++";
				CLANG_ENABLE_MODULES = YES;
				CLANG_ENABLE_OBJC_ARC = YES;
				CLANG_WARN_BOOL_CONVERSION = YES;
				CLANG_WARN_CONSTANT_CONVERSION = YES;
				CLANG_WARN_DIRECT_OBJC_ISA_USAGE = YES_ERROR;
				CLANG_WARN_EMPTY_BODY = YES;
				CLANG_WARN_ENUM_CONVERSION = YES;
				CLANG_WARN_INT_CONVERSION = YES;
				CLANG_WARN_OBJC_ROOT_CLASS = YES_ERROR;
				CLANG_WARN_UNREACHABLE_CODE = YES;
				CLANG_WARN__DUPLICATE_METHOD_MATCH = YES;
				"CODE_SIGN_IDENTITY[sdk=iphoneos*]" = "iPhone Developer";
				COPY_PHASE_STRIP = NO;
				DEBUG_INFORMATION_FORMAT = "dwarf-with-dsym";
				ENABLE_NS_ASSERTIONS = NO;
				ENABLE_STRICT_OBJC_MSGSEND = YES;
				GCC_C_LANGUAGE_STANDARD = gnu99;
				GCC_NO_COMMON_BLOCKS = YES;
				GCC_WARN_64_TO_32_BIT_CONVERSION = YES;
				GCC_WARN_ABOUT_RETURN_TYPE = YES_ERROR;
				GCC_WARN_UNDECLARED_SELECTOR = YES;
				GCC_WARN_UNINITIALIZED_AUTOS = YES_AGGRESSIVE;
				GCC_WARN_UNUSED_FUNCTION = YES;
				GCC_WARN_UNUSED_VARIABLE = YES;
				IPHONEOS_DEPLOYMENT_TARGET = 9.2;
				MTL_ENABLE_DEBUG_INFO = NO;
				SDKROOT = iphoneos;
				VALIDATE_PRODUCT = YES;
			};
			name = Release;
		};
		E914EE1E1C95BAC4000AA732 /* Debug */ = {
			isa = XCBuildConfiguration;
			baseConfigurationReference = E772404E98D3963ADC870292 /* Pods-integrate-react-native.debug.xcconfig */;
			buildSettings = {
				ASSETCATALOG_COMPILER_APPICON_NAME = AppIcon;
				INFOPLIST_FILE = "integrate-react-native/Info.plist";
				LD_RUNPATH_SEARCH_PATHS = "$(inherited) @executable_path/Frameworks";
				PRODUCT_BUNDLE_IDENTIFIER = "m01.integrate-react-native";
				PRODUCT_NAME = "$(TARGET_NAME)";
			};
			name = Debug;
		};
		E914EE1F1C95BAC4000AA732 /* Release */ = {
			isa = XCBuildConfiguration;
			baseConfigurationReference = 4EAC65E909AEE51C6C5C17D2 /* Pods-integrate-react-native.release.xcconfig */;
			buildSettings = {
				ASSETCATALOG_COMPILER_APPICON_NAME = AppIcon;
				INFOPLIST_FILE = "integrate-react-native/Info.plist";
				LD_RUNPATH_SEARCH_PATHS = "$(inherited) @executable_path/Frameworks";
				PRODUCT_BUNDLE_IDENTIFIER = "m01.integrate-react-native";
				PRODUCT_NAME = "$(TARGET_NAME)";
			};
			name = Release;
		};
		E914EE211C95BAC4000AA732 /* Debug */ = {
			isa = XCBuildConfiguration;
			buildSettings = {
				BUNDLE_LOADER = "$(TEST_HOST)";
				INFOPLIST_FILE = "integrate-react-nativeTests/Info.plist";
				LD_RUNPATH_SEARCH_PATHS = "$(inherited) @executable_path/Frameworks @loader_path/Frameworks";
				PRODUCT_BUNDLE_IDENTIFIER = "m01.integrate-react-nativeTests";
				PRODUCT_NAME = "$(TARGET_NAME)";
				TEST_HOST = "$(BUILT_PRODUCTS_DIR)/integrate-react-native.app/integrate-react-native";
			};
			name = Debug;
		};
		E914EE221C95BAC4000AA732 /* Release */ = {
			isa = XCBuildConfiguration;
			buildSettings = {
				BUNDLE_LOADER = "$(TEST_HOST)";
				INFOPLIST_FILE = "integrate-react-nativeTests/Info.plist";
				LD_RUNPATH_SEARCH_PATHS = "$(inherited) @executable_path/Frameworks @loader_path/Frameworks";
				PRODUCT_BUNDLE_IDENTIFIER = "m01.integrate-react-nativeTests";
				PRODUCT_NAME = "$(TARGET_NAME)";
				TEST_HOST = "$(BUILT_PRODUCTS_DIR)/integrate-react-native.app/integrate-react-native";
			};
			name = Release;
		};
/* End XCBuildConfiguration section */

/* Begin XCConfigurationList section */
		E914EDF61C95BAC4000AA732 /* Build configuration list for PBXProject "integrate-react-native" */ = {
			isa = XCConfigurationList;
			buildConfigurations = (
				E914EE1B1C95BAC4000AA732 /* Debug */,
				E914EE1C1C95BAC4000AA732 /* Release */,
			);
			defaultConfigurationIsVisible = 0;
			defaultConfigurationName = Release;
		};
		E914EE1D1C95BAC4000AA732 /* Build configuration list for PBXNativeTarget "integrate-react-native" */ = {
			isa = XCConfigurationList;
			buildConfigurations = (
				E914EE1E1C95BAC4000AA732 /* Debug */,
				E914EE1F1C95BAC4000AA732 /* Release */,
			);
			defaultConfigurationIsVisible = 0;
			defaultConfigurationName = Release;
		};
		E914EE201C95BAC4000AA732 /* Build configuration list for PBXNativeTarget "integrate-react-nativeTests" */ = {
			isa = XCConfigurationList;
			buildConfigurations = (
				E914EE211C95BAC4000AA732 /* Debug */,
				E914EE221C95BAC4000AA732 /* Release */,
			);
			defaultConfigurationIsVisible = 0;
			defaultConfigurationName = Release;
		};
/* End XCConfigurationList section */
	};
	rootObject = E914EDF31C95BAC4000AA732 /* Project object */;
}
